
Microsoft Visual Studio Solution File, Format Version 12.00
# Visual Studio 14
VisualStudioVersion = 14.0.25420.1
MinimumVisualStudioVersion = 10.0.40219.1
Project("{FAE04EC0-301F-11D3-BF4B-00C04F79EFBC}") = "portwizard", "portwizard\portwizard.csproj", "{45053338-80C1-470F-9417-2C8299737EB4}"
EndProject
Global
	GlobalSection(SolutionConfigurationPlatforms) = preSolution
		Debug|Any CPU = Debug|Any CPU
		Release|Any CPU = Release|Any CPU
	EndGlobalSection
	GlobalSection(ProjectConfigurationPlatforms) = postSolution
		{45053338-80C1-470F-9417-2C8299737EB4}.Debug|Any CPU.ActiveCfg = Debug|Any CPU
		{45053338-80C1-470F-9417-2C8299737EB4}.Debug|Any CPU.Build.0 = Debug|Any CPU
		{45053338-80C1-470F-9417-2C8299737EB4}.Release|Any CPU.ActiveCfg = Release|Any CPU
		{45053338-80C1-470F-9417-2C8299737EB4}.Release|Any CPU.Build.0 = Release|Any CPU
	EndGlobalSection
	GlobalSection(SolutionProperties) = preSolution
		HideSolutionNode = FALSE
	EndGlobalSection
EndGlobal
